// !$*UTF8*$!
{
	archiveVersion = 1;
	classes = {
	};
	objectVersion = 46;
	objects = {

/* Begin PBXBuildFile section */
		A66C06DFEDC54164A23B1C77 /* libPods-GCMCocoaExtensionsSenTests.a in Frameworks */ = {isa = PBXBuildFile; fileRef = 0DE4E80FB34140D4B7AAD3D3 /* libPods-GCMCocoaExtensionsSenTests.a */; };
		AB0A79AB18452BA400ABBBB8 /* Foundation.framework in Frameworks */ = {isa = PBXBuildFile; fileRef = AB0A79AA18452BA400ABBBB8 /* Foundation.framework */; };
		AB0A79B918452BA400ABBBB8 /* XCTest.framework in Frameworks */ = {isa = PBXBuildFile; fileRef = AB0A79B818452BA400ABBBB8 /* XCTest.framework */; };
		AB0A79BA18452BA400ABBBB8 /* Foundation.framework in Frameworks */ = {isa = PBXBuildFile; fileRef = AB0A79AA18452BA400ABBBB8 /* Foundation.framework */; };
		AB0A79BC18452BA400ABBBB8 /* UIKit.framework in Frameworks */ = {isa = PBXBuildFile; fileRef = AB0A79BB18452BA400ABBBB8 /* UIKit.framework */; };
		AB0A79BF18452BA400ABBBB8 /* libGCMCocoaExtensions.a in Frameworks */ = {isa = PBXBuildFile; fileRef = AB0A79A718452BA400ABBBB8 /* libGCMCocoaExtensions.a */; };
		AB0A79C518452BA400ABBBB8 /* InfoPlist.strings in Resources */ = {isa = PBXBuildFile; fileRef = AB0A79C318452BA400ABBBB8 /* InfoPlist.strings */; };
		AB0A79D31845317200ABBBB8 /* NSString+GameChangerMedia.m in Sources */ = {isa = PBXBuildFile; fileRef = AB0A79D21845317200ABBBB8 /* NSString+GameChangerMedia.m */; };
		AB0A79D6184532E800ABBBB8 /* SenTestingKit.framework in Frameworks */ = {isa = PBXBuildFile; fileRef = AB0A79D5184532E800ABBBB8 /* SenTestingKit.framework */; };
		AB0A79DC184533A300ABBBB8 /* SenTestingKit.framework in Frameworks */ = {isa = PBXBuildFile; fileRef = AB0A79D5184532E800ABBBB8 /* SenTestingKit.framework */; };
		AB0A79DD184533A300ABBBB8 /* Foundation.framework in Frameworks */ = {isa = PBXBuildFile; fileRef = AB0A79AA18452BA400ABBBB8 /* Foundation.framework */; };
		AB0A79DE184533A300ABBBB8 /* UIKit.framework in Frameworks */ = {isa = PBXBuildFile; fileRef = AB0A79BB18452BA400ABBBB8 /* UIKit.framework */; };
		AB0A79E4184533A300ABBBB8 /* InfoPlist.strings in Resources */ = {isa = PBXBuildFile; fileRef = AB0A79E2184533A300ABBBB8 /* InfoPlist.strings */; };
		AB0A79EC1845343A00ABBBB8 /* NSStringGameChangerTests.m in Sources */ = {isa = PBXBuildFile; fileRef = AB0A79D01845316200ABBBB8 /* NSStringGameChangerTests.m */; };
		AB0A79ED1845393C00ABBBB8 /* NSString+GameChangerMedia.h in CopyFiles */ = {isa = PBXBuildFile; fileRef = AB0A79D41845318200ABBBB8 /* NSString+GameChangerMedia.h */; };
		AB0A79F418453FFA00ABBBB8 /* libGCMCocoaExtensions.a in Frameworks */ = {isa = PBXBuildFile; fileRef = AB0A79A718452BA400ABBBB8 /* libGCMCocoaExtensions.a */; };
		EF8E1C44AF244FF48B227AE8 /* libPods-GCMCocoaExtensionsTests.a in Frameworks */ = {isa = PBXBuildFile; fileRef = 88C973F820EA4AF4928F2F9D /* libPods-GCMCocoaExtensionsTests.a */; };
/* End PBXBuildFile section */

/* Begin PBXContainerItemProxy section */
		AB0A79BD18452BA400ABBBB8 /* PBXContainerItemProxy */ = {
			isa = PBXContainerItemProxy;
			containerPortal = AB0A799F18452BA400ABBBB8 /* Project object */;
			proxyType = 1;
			remoteGlobalIDString = AB0A79A618452BA400ABBBB8;
			remoteInfo = GCMCocoaExtensions;
		};
		AB0A79EE18453E4000ABBBB8 /* PBXContainerItemProxy */ = {
			isa = PBXContainerItemProxy;
			containerPortal = AB0A799F18452BA400ABBBB8 /* Project object */;
			proxyType = 1;
			remoteGlobalIDString = AB0A79A618452BA400ABBBB8;
			remoteInfo = GCMCocoaExtensions;
		};
/* End PBXContainerItemProxy section */

/* Begin PBXCopyFilesBuildPhase section */
		AB0A79A518452BA400ABBBB8 /* CopyFiles */ = {
			isa = PBXCopyFilesBuildPhase;
			buildActionMask = 2147483647;
			dstPath = "include/$(PRODUCT_NAME)";
			dstSubfolderSpec = 16;
			files = (
				AB0A79ED1845393C00ABBBB8 /* NSString+GameChangerMedia.h in CopyFiles */,
			);
			runOnlyForDeploymentPostprocessing = 0;
		};
/* End PBXCopyFilesBuildPhase section */

/* Begin PBXFileReference section */
		0DE4E80FB34140D4B7AAD3D3 /* libPods-GCMCocoaExtensionsSenTests.a */ = {isa = PBXFileReference; explicitFileType = archive.ar; includeInIndex = 0; path = "libPods-GCMCocoaExtensionsSenTests.a"; sourceTree = BUILT_PRODUCTS_DIR; };
		63FC2CFAA7D64A41B74A0645 /* Pods-GCMCocoaExtensionsSenTests.xcconfig */ = {isa = PBXFileReference; includeInIndex = 1; lastKnownFileType = text.xcconfig; name = "Pods-GCMCocoaExtensionsSenTests.xcconfig"; path = "../Pods/Pods-GCMCocoaExtensionsSenTests.xcconfig"; sourceTree = "<group>"; };
		88C973F820EA4AF4928F2F9D /* libPods-GCMCocoaExtensionsTests.a */ = {isa = PBXFileReference; explicitFileType = archive.ar; includeInIndex = 0; path = "libPods-GCMCocoaExtensionsTests.a"; sourceTree = BUILT_PRODUCTS_DIR; };
		AB0A79A718452BA400ABBBB8 /* libGCMCocoaExtensions.a */ = {isa = PBXFileReference; explicitFileType = archive.ar; includeInIndex = 0; path = libGCMCocoaExtensions.a; sourceTree = BUILT_PRODUCTS_DIR; };
		AB0A79AA18452BA400ABBBB8 /* Foundation.framework */ = {isa = PBXFileReference; lastKnownFileType = wrapper.framework; name = Foundation.framework; path = System/Library/Frameworks/Foundation.framework; sourceTree = SDKROOT; };
		AB0A79AE18452BA400ABBBB8 /* GCMCocoaExtensions-Prefix.pch */ = {isa = PBXFileReference; lastKnownFileType = sourcecode.c.h; path = "GCMCocoaExtensions-Prefix.pch"; sourceTree = "<group>"; };
		AB0A79B718452BA400ABBBB8 /* GCMCocoaExtensionsTests.xctest */ = {isa = PBXFileReference; explicitFileType = wrapper.cfbundle; includeInIndex = 0; path = GCMCocoaExtensionsTests.xctest; sourceTree = BUILT_PRODUCTS_DIR; };
		AB0A79B818452BA400ABBBB8 /* XCTest.framework */ = {isa = PBXFileReference; lastKnownFileType = wrapper.framework; name = XCTest.framework; path = Library/Frameworks/XCTest.framework; sourceTree = DEVELOPER_DIR; };
		AB0A79BB18452BA400ABBBB8 /* UIKit.framework */ = {isa = PBXFileReference; lastKnownFileType = wrapper.framework; name = UIKit.framework; path = Library/Frameworks/UIKit.framework; sourceTree = DEVELOPER_DIR; };
		AB0A79C218452BA400ABBBB8 /* GCMCocoaExtensionsTests-Info.plist */ = {isa = PBXFileReference; lastKnownFileType = text.plist.xml; path = "GCMCocoaExtensionsTests-Info.plist"; sourceTree = "<group>"; };
		AB0A79C418452BA400ABBBB8 /* en */ = {isa = PBXFileReference; lastKnownFileType = text.plist.strings; name = en; path = en.lproj/InfoPlist.strings; sourceTree = "<group>"; };
		AB0A79D01845316200ABBBB8 /* NSStringGameChangerTests.m */ = {isa = PBXFileReference; fileEncoding = 4; lastKnownFileType = sourcecode.c.objc; path = NSStringGameChangerTests.m; sourceTree = "<group>"; };
		AB0A79D21845317200ABBBB8 /* NSString+GameChangerMedia.m */ = {isa = PBXFileReference; fileEncoding = 4; lastKnownFileType = sourcecode.c.objc; path = "NSString+GameChangerMedia.m"; sourceTree = "<group>"; };
		AB0A79D41845318200ABBBB8 /* NSString+GameChangerMedia.h */ = {isa = PBXFileReference; lastKnownFileType = sourcecode.c.h; path = "NSString+GameChangerMedia.h"; sourceTree = "<group>"; };
		AB0A79D5184532E800ABBBB8 /* SenTestingKit.framework */ = {isa = PBXFileReference; lastKnownFileType = wrapper.framework; name = SenTestingKit.framework; path = Library/Frameworks/SenTestingKit.framework; sourceTree = DEVELOPER_DIR; };
		AB0A79DB184533A300ABBBB8 /* GCMCocoaExtensionsSenTests.octest */ = {isa = PBXFileReference; explicitFileType = wrapper.cfbundle; includeInIndex = 0; path = GCMCocoaExtensionsSenTests.octest; sourceTree = BUILT_PRODUCTS_DIR; };
		AB0A79E1184533A300ABBBB8 /* GCMCocoaExtensionsSenTests-Info.plist */ = {isa = PBXFileReference; lastKnownFileType = text.plist.xml; path = "GCMCocoaExtensionsSenTests-Info.plist"; sourceTree = "<group>"; };
		AB0A79E3184533A300ABBBB8 /* en */ = {isa = PBXFileReference; lastKnownFileType = text.plist.strings; name = en; path = en.lproj/InfoPlist.strings; sourceTree = "<group>"; };
		AB0A79E7184533A300ABBBB8 /* GCMCocoaExtensionsSenTests-Prefix.pch */ = {isa = PBXFileReference; lastKnownFileType = sourcecode.c.h; path = "GCMCocoaExtensionsSenTests-Prefix.pch"; sourceTree = "<group>"; };
/* End PBXFileReference section */

/* Begin PBXFrameworksBuildPhase section */
		AB0A79A418452BA400ABBBB8 /* Frameworks */ = {
			isa = PBXFrameworksBuildPhase;
			buildActionMask = 2147483647;
			files = (
				AB0A79AB18452BA400ABBBB8 /* Foundation.framework in Frameworks */,
			);
			runOnlyForDeploymentPostprocessing = 0;
		};
		AB0A79B418452BA400ABBBB8 /* Frameworks */ = {
			isa = PBXFrameworksBuildPhase;
			buildActionMask = 2147483647;
			files = (
				AB0A79D6184532E800ABBBB8 /* SenTestingKit.framework in Frameworks */,
				AB0A79B918452BA400ABBBB8 /* XCTest.framework in Frameworks */,
				AB0A79BF18452BA400ABBBB8 /* libGCMCocoaExtensions.a in Frameworks */,
				AB0A79BC18452BA400ABBBB8 /* UIKit.framework in Frameworks */,
				AB0A79BA18452BA400ABBBB8 /* Foundation.framework in Frameworks */,
				EF8E1C44AF244FF48B227AE8 /* libPods-GCMCocoaExtensionsTests.a in Frameworks */,
			);
			runOnlyForDeploymentPostprocessing = 0;
		};
		AB0A79D8184533A300ABBBB8 /* Frameworks */ = {
			isa = PBXFrameworksBuildPhase;
			buildActionMask = 2147483647;
			files = (
				AB0A79F418453FFA00ABBBB8 /* libGCMCocoaExtensions.a in Frameworks */,
				AB0A79DC184533A300ABBBB8 /* SenTestingKit.framework in Frameworks */,
				AB0A79DE184533A300ABBBB8 /* UIKit.framework in Frameworks */,
				AB0A79DD184533A300ABBBB8 /* Foundation.framework in Frameworks */,
				A66C06DFEDC54164A23B1C77 /* libPods-GCMCocoaExtensionsSenTests.a in Frameworks */,
			);
			runOnlyForDeploymentPostprocessing = 0;
		};
/* End PBXFrameworksBuildPhase section */

/* Begin PBXGroup section */
		AB0A799E18452BA400ABBBB8 = {
			isa = PBXGroup;
			children = (
				AB0A79AC18452BA400ABBBB8 /* GCMCocoaExtensions */,
				AB0A79C018452BA400ABBBB8 /* GCMCocoaExtensionsTests */,
				AB0A79DF184533A300ABBBB8 /* GCMCocoaExtensionsSenTests */,
				AB0A79A918452BA400ABBBB8 /* Frameworks */,
				AB0A79A818452BA400ABBBB8 /* Products */,
				63FC2CFAA7D64A41B74A0645 /* Pods-GCMCocoaExtensionsSenTests.xcconfig */,
			);
			indentWidth = 2;
			sourceTree = "<group>";
			tabWidth = 2;
		};
		AB0A79A818452BA400ABBBB8 /* Products */ = {
			isa = PBXGroup;
			children = (
				AB0A79A718452BA400ABBBB8 /* libGCMCocoaExtensions.a */,
				AB0A79B718452BA400ABBBB8 /* GCMCocoaExtensionsTests.xctest */,
				AB0A79DB184533A300ABBBB8 /* GCMCocoaExtensionsSenTests.octest */,
			);
			name = Products;
			sourceTree = "<group>";
		};
		AB0A79A918452BA400ABBBB8 /* Frameworks */ = {
			isa = PBXGroup;
			children = (
				AB0A79D5184532E800ABBBB8 /* SenTestingKit.framework */,
				AB0A79AA18452BA400ABBBB8 /* Foundation.framework */,
				AB0A79B818452BA400ABBBB8 /* XCTest.framework */,
				AB0A79BB18452BA400ABBBB8 /* UIKit.framework */,
				88C973F820EA4AF4928F2F9D /* libPods-GCMCocoaExtensionsTests.a */,
				0DE4E80FB34140D4B7AAD3D3 /* libPods-GCMCocoaExtensionsSenTests.a */,
			);
			name = Frameworks;
			sourceTree = "<group>";
		};
		AB0A79AC18452BA400ABBBB8 /* GCMCocoaExtensions */ = {
			isa = PBXGroup;
			children = (
				AB0A79D41845318200ABBBB8 /* NSString+GameChangerMedia.h */,
				AB0A79D21845317200ABBBB8 /* NSString+GameChangerMedia.m */,
				AB0A79D01845316200ABBBB8 /* NSStringGameChangerTests.m */,
				AB0A79AD18452BA400ABBBB8 /* Supporting Files */,
			);
			path = GCMCocoaExtensions;
			sourceTree = "<group>";
		};
		AB0A79AD18452BA400ABBBB8 /* Supporting Files */ = {
			isa = PBXGroup;
			children = (
				AB0A79AE18452BA400ABBBB8 /* GCMCocoaExtensions-Prefix.pch */,
			);
			name = "Supporting Files";
			sourceTree = "<group>";
		};
		AB0A79C018452BA400ABBBB8 /* GCMCocoaExtensionsTests */ = {
			isa = PBXGroup;
			children = (
				AB0A79C118452BA400ABBBB8 /* Supporting Files */,
			);
			path = GCMCocoaExtensionsTests;
			sourceTree = "<group>";
		};
		AB0A79C118452BA400ABBBB8 /* Supporting Files */ = {
			isa = PBXGroup;
			children = (
				AB0A79C218452BA400ABBBB8 /* GCMCocoaExtensionsTests-Info.plist */,
				AB0A79C318452BA400ABBBB8 /* InfoPlist.strings */,
			);
			name = "Supporting Files";
			sourceTree = "<group>";
		};
		AB0A79DF184533A300ABBBB8 /* GCMCocoaExtensionsSenTests */ = {
			isa = PBXGroup;
			children = (
				AB0A79E0184533A300ABBBB8 /* Supporting Files */,
			);
			path = GCMCocoaExtensionsSenTests;
			sourceTree = "<group>";
		};
		AB0A79E0184533A300ABBBB8 /* Supporting Files */ = {
			isa = PBXGroup;
			children = (
				AB0A79E1184533A300ABBBB8 /* GCMCocoaExtensionsSenTests-Info.plist */,
				AB0A79E2184533A300ABBBB8 /* InfoPlist.strings */,
				AB0A79E7184533A300ABBBB8 /* GCMCocoaExtensionsSenTests-Prefix.pch */,
			);
			name = "Supporting Files";
			sourceTree = "<group>";
		};
/* End PBXGroup section */

/* Begin PBXNativeTarget section */
		AB0A79A618452BA400ABBBB8 /* GCMCocoaExtensions */ = {
			isa = PBXNativeTarget;
			buildConfigurationList = AB0A79CA18452BA400ABBBB8 /* Build configuration list for PBXNativeTarget "GCMCocoaExtensions" */;
			buildPhases = (
				AB0A79A318452BA400ABBBB8 /* Sources */,
				AB0A79A418452BA400ABBBB8 /* Frameworks */,
				AB0A79A518452BA400ABBBB8 /* CopyFiles */,
			);
			buildRules = (
			);
			dependencies = (
			);
			name = GCMCocoaExtensions;
			productName = GCMCocoaExtensions;
			productReference = AB0A79A718452BA400ABBBB8 /* libGCMCocoaExtensions.a */;
			productType = "com.apple.product-type.library.static";
		};
		AB0A79B618452BA400ABBBB8 /* GCMCocoaExtensionsTests */ = {
			isa = PBXNativeTarget;
			buildConfigurationList = AB0A79CD18452BA400ABBBB8 /* Build configuration list for PBXNativeTarget "GCMCocoaExtensionsTests" */;
			buildPhases = (
				84F0EE6C57AE45BFA8C1A285 /* Check Pods Manifest.lock */,
				AB0A79B318452BA400ABBBB8 /* Sources */,
				AB0A79B418452BA400ABBBB8 /* Frameworks */,
				AB0A79B518452BA400ABBBB8 /* Resources */,
				B35731719AA741F48E5E8FC6 /* Copy Pods Resources */,
			);
			buildRules = (
			);
			dependencies = (
				AB0A79BE18452BA400ABBBB8 /* PBXTargetDependency */,
			);
			name = GCMCocoaExtensionsTests;
			productName = GCMCocoaExtensionsTests;
			productReference = AB0A79B718452BA400ABBBB8 /* GCMCocoaExtensionsTests.xctest */;
			productType = "com.apple.product-type.bundle.unit-test";
		};
		AB0A79DA184533A300ABBBB8 /* GCMCocoaExtensionsSenTests */ = {
			isa = PBXNativeTarget;
			buildConfigurationList = AB0A79E8184533A300ABBBB8 /* Build configuration list for PBXNativeTarget "GCMCocoaExtensionsSenTests" */;
			buildPhases = (
				63159A05C75144CFB504228A /* Check Pods Manifest.lock */,
				AB0A79D7184533A300ABBBB8 /* Sources */,
				AB0A79D8184533A300ABBBB8 /* Frameworks */,
				AB0A79D9184533A300ABBBB8 /* Resources */,
				53EF79112E014DC882D2B699 /* Copy Pods Resources */,
			);
			buildRules = (
			);
			dependencies = (
				AB0A79EF18453E4000ABBBB8 /* PBXTargetDependency */,
			);
			name = GCMCocoaExtensionsSenTests;
			productName = GCMCocoaExtensionsSenTests;
			productReference = AB0A79DB184533A300ABBBB8 /* GCMCocoaExtensionsSenTests.octest */;
			productType = "com.apple.product-type.bundle";
		};
/* End PBXNativeTarget section */

/* Begin PBXProject section */
		AB0A799F18452BA400ABBBB8 /* Project object */ = {
			isa = PBXProject;
			attributes = {
				LastUpgradeCheck = 0500;
				ORGANIZATIONNAME = GameChanger;
				TargetAttributes = {
					AB0A79B618452BA400ABBBB8 = {
						TestTargetID = AB0A79A618452BA400ABBBB8;
					};
				};
			};
			buildConfigurationList = AB0A79A218452BA400ABBBB8 /* Build configuration list for PBXProject "GCMCocoaExtensions" */;
			compatibilityVersion = "Xcode 3.2";
			developmentRegion = English;
			hasScannedForEncodings = 0;
			knownRegions = (
				en,
			);
			mainGroup = AB0A799E18452BA400ABBBB8;
			productRefGroup = AB0A79A818452BA400ABBBB8 /* Products */;
			projectDirPath = "";
			projectRoot = "";
			targets = (
				AB0A79A618452BA400ABBBB8 /* GCMCocoaExtensions */,
				AB0A79B618452BA400ABBBB8 /* GCMCocoaExtensionsTests */,
				AB0A79DA184533A300ABBBB8 /* GCMCocoaExtensionsSenTests */,
			);
		};
/* End PBXProject section */

/* Begin PBXResourcesBuildPhase section */
		AB0A79B518452BA400ABBBB8 /* Resources */ = {
			isa = PBXResourcesBuildPhase;
			buildActionMask = 2147483647;
			files = (
				AB0A79C518452BA400ABBBB8 /* InfoPlist.strings in Resources */,
			);
			runOnlyForDeploymentPostprocessing = 0;
		};
		AB0A79D9184533A300ABBBB8 /* Resources */ = {
			isa = PBXResourcesBuildPhase;
			buildActionMask = 2147483647;
			files = (
				AB0A79E4184533A300ABBBB8 /* InfoPlist.strings in Resources */,
			);
			runOnlyForDeploymentPostprocessing = 0;
		};
/* End PBXResourcesBuildPhase section */

/* Begin PBXShellScriptBuildPhase section */
		53EF79112E014DC882D2B699 /* Copy Pods Resources */ = {
			isa = PBXShellScriptBuildPhase;
			buildActionMask = 2147483647;
			files = (
			);
			inputPaths = (
			);
			name = "Copy Pods Resources";
			outputPaths = (
			);
			runOnlyForDeploymentPostprocessing = 0;
			shellPath = /bin/sh;
			shellScript = "\"${SRCROOT}/../Pods/Pods-GCMCocoaExtensionsSenTests-resources.sh\"\n";
			showEnvVarsInLog = 0;
		};
		63159A05C75144CFB504228A /* Check Pods Manifest.lock */ = {
			isa = PBXShellScriptBuildPhase;
			buildActionMask = 2147483647;
			files = (
			);
			inputPaths = (
			);
			name = "Check Pods Manifest.lock";
			outputPaths = (
			);
			runOnlyForDeploymentPostprocessing = 0;
			shellPath = /bin/sh;
			shellScript = "diff \"${PODS_ROOT}/../Podfile.lock\" \"${PODS_ROOT}/Manifest.lock\" > /dev/null\nif [[ $? != 0 ]] ; then\n    cat << EOM\nerror: The sandbox is not in sync with the Podfile.lock. Run 'pod install' or update your CocoaPods installation.\nEOM\n    exit 1\nfi\n";
			showEnvVarsInLog = 0;
		};
		84F0EE6C57AE45BFA8C1A285 /* Check Pods Manifest.lock */ = {
			isa = PBXShellScriptBuildPhase;
			buildActionMask = 2147483647;
			files = (
			);
			inputPaths = (
			);
			name = "Check Pods Manifest.lock";
			outputPaths = (
			);
			runOnlyForDeploymentPostprocessing = 0;
			shellPath = /bin/sh;
			shellScript = "diff \"${PODS_ROOT}/../Podfile.lock\" \"${PODS_ROOT}/Manifest.lock\" > /dev/null\nif [[ $? != 0 ]] ; then\n    cat << EOM\nerror: The sandbox is not in sync with the Podfile.lock. Run 'pod install' or update your CocoaPods installation.\nEOM\n    exit 1\nfi\n";
			showEnvVarsInLog = 0;
		};
		B35731719AA741F48E5E8FC6 /* Copy Pods Resources */ = {
			isa = PBXShellScriptBuildPhase;
			buildActionMask = 2147483647;
			files = (
			);
			inputPaths = (
			);
			name = "Copy Pods Resources";
			outputPaths = (
			);
			runOnlyForDeploymentPostprocessing = 0;
			shellPath = /bin/sh;
			shellScript = "\"${SRCROOT}/../Pods/Pods-GCMCocoaExtensionsTests-resources.sh\"\n";
			showEnvVarsInLog = 0;
		};
/* End PBXShellScriptBuildPhase section */

/* Begin PBXSourcesBuildPhase section */
		AB0A79A318452BA400ABBBB8 /* Sources */ = {
			isa = PBXSourcesBuildPhase;
			buildActionMask = 2147483647;
			files = (
				AB0A79D31845317200ABBBB8 /* NSString+GameChangerMedia.m in Sources */,
			);
			runOnlyForDeploymentPostprocessing = 0;
		};
		AB0A79B318452BA400ABBBB8 /* Sources */ = {
			isa = PBXSourcesBuildPhase;
			buildActionMask = 2147483647;
			files = (
			);
			runOnlyForDeploymentPostprocessing = 0;
		};
		AB0A79D7184533A300ABBBB8 /* Sources */ = {
			isa = PBXSourcesBuildPhase;
			buildActionMask = 2147483647;
			files = (
				AB0A79EC1845343A00ABBBB8 /* NSStringGameChangerTests.m in Sources */,
			);
			runOnlyForDeploymentPostprocessing = 0;
		};
/* End PBXSourcesBuildPhase section */

/* Begin PBXTargetDependency section */
		AB0A79BE18452BA400ABBBB8 /* PBXTargetDependency */ = {
			isa = PBXTargetDependency;
			target = AB0A79A618452BA400ABBBB8 /* GCMCocoaExtensions */;
			targetProxy = AB0A79BD18452BA400ABBBB8 /* PBXContainerItemProxy */;
		};
		AB0A79EF18453E4000ABBBB8 /* PBXTargetDependency */ = {
			isa = PBXTargetDependency;
			target = AB0A79A618452BA400ABBBB8 /* GCMCocoaExtensions */;
			targetProxy = AB0A79EE18453E4000ABBBB8 /* PBXContainerItemProxy */;
		};
/* End PBXTargetDependency section */

/* Begin PBXVariantGroup section */
		AB0A79C318452BA400ABBBB8 /* InfoPlist.strings */ = {
			isa = PBXVariantGroup;
			children = (
				AB0A79C418452BA400ABBBB8 /* en */,
			);
			name = InfoPlist.strings;
			sourceTree = "<group>";
		};
		AB0A79E2184533A300ABBBB8 /* InfoPlist.strings */ = {
			isa = PBXVariantGroup;
			children = (
				AB0A79E3184533A300ABBBB8 /* en */,
			);
			name = InfoPlist.strings;
			sourceTree = "<group>";
		};
/* End PBXVariantGroup section */

/* Begin XCBuildConfiguration section */
		AB0A79C818452BA400ABBBB8 /* Debug */ = {
			isa = XCBuildConfiguration;
			buildSettings = {
				ALWAYS_SEARCH_USER_PATHS = NO;
				ARCHS = "$(ARCHS_STANDARD_INCLUDING_64_BIT)";
				CLANG_CXX_LANGUAGE_STANDARD = "gnu++0x";
				CLANG_CXX_LIBRARY = "libc++";
				CLANG_ENABLE_MODULES = YES;
				CLANG_ENABLE_OBJC_ARC = YES;
				CLANG_WARN_BOOL_CONVERSION = YES;
				CLANG_WARN_CONSTANT_CONVERSION = YES;
				CLANG_WARN_DIRECT_OBJC_ISA_USAGE = YES_ERROR;
				CLANG_WARN_EMPTY_BODY = YES;
				CLANG_WARN_ENUM_CONVERSION = YES;
				CLANG_WARN_INT_CONVERSION = YES;
				CLANG_WARN_OBJC_ROOT_CLASS = YES_ERROR;
				CLANG_WARN__DUPLICATE_METHOD_MATCH = YES;
				COPY_PHASE_STRIP = NO;
				GCC_C_LANGUAGE_STANDARD = gnu99;
				GCC_DYNAMIC_NO_PIC = NO;
				GCC_OPTIMIZATION_LEVEL = 0;
				GCC_PREPROCESSOR_DEFINITIONS = (
					"DEBUG=1",
					"$(inherited)",
				);
				GCC_SYMBOLS_PRIVATE_EXTERN = NO;
				GCC_WARN_64_TO_32_BIT_CONVERSION = YES;
				GCC_WARN_ABOUT_RETURN_TYPE = YES_ERROR;
				GCC_WARN_UNDECLARED_SELECTOR = YES;
				GCC_WARN_UNINITIALIZED_AUTOS = YES;
				GCC_WARN_UNUSED_FUNCTION = YES;
				GCC_WARN_UNUSED_VARIABLE = YES;
				GENERATE_MASTER_OBJECT_FILE = YES;
				IPHONEOS_DEPLOYMENT_TARGET = 6.0;
				ONLY_ACTIVE_ARCH = YES;
				SDKROOT = iphoneos;
			};
			name = Debug;
		};
		AB0A79C918452BA400ABBBB8 /* Release */ = {
			isa = XCBuildConfiguration;
			buildSettings = {
				ALWAYS_SEARCH_USER_PATHS = NO;
				ARCHS = "$(ARCHS_STANDARD_INCLUDING_64_BIT)";
				CLANG_CXX_LANGUAGE_STANDARD = "gnu++0x";
				CLANG_CXX_LIBRARY = "libc++";
				CLANG_ENABLE_MODULES = YES;
				CLANG_ENABLE_OBJC_ARC = YES;
				CLANG_WARN_BOOL_CONVERSION = YES;
				CLANG_WARN_CONSTANT_CONVERSION = YES;
				CLANG_WARN_DIRECT_OBJC_ISA_USAGE = YES_ERROR;
				CLANG_WARN_EMPTY_BODY = YES;
				CLANG_WARN_ENUM_CONVERSION = YES;
				CLANG_WARN_INT_CONVERSION = YES;
				CLANG_WARN_OBJC_ROOT_CLASS = YES_ERROR;
				CLANG_WARN__DUPLICATE_METHOD_MATCH = YES;
				COPY_PHASE_STRIP = YES;
				ENABLE_NS_ASSERTIONS = NO;
				GCC_C_LANGUAGE_STANDARD = gnu99;
				GCC_WARN_64_TO_32_BIT_CONVERSION = YES;
				GCC_WARN_ABOUT_RETURN_TYPE = YES_ERROR;
				GCC_WARN_UNDECLARED_SELECTOR = YES;
				GCC_WARN_UNINITIALIZED_AUTOS = YES;
				GCC_WARN_UNUSED_FUNCTION = YES;
				GCC_WARN_UNUSED_VARIABLE = YES;
				GENERATE_MASTER_OBJECT_FILE = YES;
				IPHONEOS_DEPLOYMENT_TARGET = 6.0;
				SDKROOT = iphoneos;
				VALIDATE_PRODUCT = YES;
			};
			name = Release;
		};
		AB0A79CB18452BA400ABBBB8 /* Debug */ = {
			isa = XCBuildConfiguration;
			buildSettings = {
				DSTROOT = /tmp/GCMCocoaExtensions.dst;
				GCC_PRECOMPILE_PREFIX_HEADER = YES;
				GCC_PREFIX_HEADER = "GCMCocoaExtensions/GCMCocoaExtensions-Prefix.pch";
				OTHER_LDFLAGS = "-ObjC";
				PRODUCT_NAME = "$(TARGET_NAME)";
				SKIP_INSTALL = YES;
			};
			name = Debug;
		};
		AB0A79CC18452BA400ABBBB8 /* Release */ = {
			isa = XCBuildConfiguration;
			buildSettings = {
				DSTROOT = /tmp/GCMCocoaExtensions.dst;
				GCC_PRECOMPILE_PREFIX_HEADER = YES;
				GCC_PREFIX_HEADER = "GCMCocoaExtensions/GCMCocoaExtensions-Prefix.pch";
				OTHER_LDFLAGS = "-ObjC";
				PRODUCT_NAME = "$(TARGET_NAME)";
				SKIP_INSTALL = YES;
			};
			name = Release;
		};
		AB0A79CE18452BA400ABBBB8 /* Debug */ = {
			isa = XCBuildConfiguration;
			buildSettings = {
				ARCHS = "$(ARCHS_STANDARD_INCLUDING_64_BIT)";
				FRAMEWORK_SEARCH_PATHS = (
					"$(SDKROOT)/Developer/Library/Frameworks",
					"$(inherited)",
					"$(DEVELOPER_FRAMEWORKS_DIR)",
				);
				GCC_PRECOMPILE_PREFIX_HEADER = YES;
				GCC_PREFIX_HEADER = "GCMCocoaExtensions/GCMCocoaExtensions-Prefix.pch";
				GCC_PREPROCESSOR_DEFINITIONS = (
					"DEBUG=1",
					"$(inherited)",
				);
				INFOPLIST_FILE = "GCMCocoaExtensionsTests/GCMCocoaExtensionsTests-Info.plist";
				PRODUCT_NAME = "$(TARGET_NAME)";
				WRAPPER_EXTENSION = xctest;
			};
			name = Debug;
		};
		AB0A79CF18452BA400ABBBB8 /* Release */ = {
			isa = XCBuildConfiguration;
			buildSettings = {
				ARCHS = "$(ARCHS_STANDARD_INCLUDING_64_BIT)";
				FRAMEWORK_SEARCH_PATHS = (
					"$(SDKROOT)/Developer/Library/Frameworks",
					"$(inherited)",
					"$(DEVELOPER_FRAMEWORKS_DIR)",
				);
				GCC_PRECOMPILE_PREFIX_HEADER = YES;
				GCC_PREFIX_HEADER = "GCMCocoaExtensions/GCMCocoaExtensions-Prefix.pch";
				INFOPLIST_FILE = "GCMCocoaExtensionsTests/GCMCocoaExtensionsTests-Info.plist";
				PRODUCT_NAME = "$(TARGET_NAME)";
				WRAPPER_EXTENSION = xctest;
			};
			name = Release;
		};
		AB0A79E9184533A300ABBBB8 /* Debug */ = {
			isa = XCBuildConfiguration;
			baseConfigurationReference = 63FC2CFAA7D64A41B74A0645 /* Pods-GCMCocoaExtensionsSenTests.xcconfig */;
			buildSettings = {
				ARCHS = "$(ARCHS_STANDARD_INCLUDING_64_BIT)";
				FRAMEWORK_SEARCH_PATHS = (
					"$(SDKROOT)/Developer/Library/Frameworks",
					"$(inherited)",
					"$(DEVELOPER_FRAMEWORKS_DIR)",
				);
				GCC_PRECOMPILE_PREFIX_HEADER = YES;
				GCC_PREFIX_HEADER = "GCMCocoaExtensionsSenTests/GCMCocoaExtensionsSenTests-Prefix.pch";
				GCC_PREPROCESSOR_DEFINITIONS = (
					"DEBUG=1",
					"$(inherited)",
				);
				INFOPLIST_FILE = "GCMCocoaExtensionsSenTests/GCMCocoaExtensionsSenTests-Info.plist";
				OTHER_LDFLAGS = (
					"-ObjC",
					"-framework",
					SenTestingKit,
					"-all_load",
				);
				PRODUCT_NAME = "$(TARGET_NAME)";
				WRAPPER_EXTENSION = octest;
			};
			name = Debug;
		};
		AB0A79EA184533A300ABBBB8 /* Release */ = {
			isa = XCBuildConfiguration;
			baseConfigurationReference = 63FC2CFAA7D64A41B74A0645 /* Pods-GCMCocoaExtensionsSenTests.xcconfig */;
			buildSettings = {
				ARCHS = "$(ARCHS_STANDARD_INCLUDING_64_BIT)";
				FRAMEWORK_SEARCH_PATHS = (
					"$(SDKROOT)/Developer/Library/Frameworks",
					"$(inherited)",
					"$(DEVELOPER_FRAMEWORKS_DIR)",
				);
				GCC_PRECOMPILE_PREFIX_HEADER = YES;
				GCC_PREFIX_HEADER = "GCMCocoaExtensionsSenTests/GCMCocoaExtensionsSenTests-Prefix.pch";
				INFOPLIST_FILE = "GCMCocoaExtensionsSenTests/GCMCocoaExtensionsSenTests-Info.plist";
				OTHER_LDFLAGS = (
					"-ObjC",
					"-framework",
					SenTestingKit,
					"-all_load",
				);
				PRODUCT_NAME = "$(TARGET_NAME)";
				WRAPPER_EXTENSION = octest;
			};
			name = Release;
		};
/* End XCBuildConfiguration section */

/* Begin XCConfigurationList section */
		AB0A79A218452BA400ABBBB8 /* Build configuration list for PBXProject "GCMCocoaExtensions" */ = {
			isa = XCConfigurationList;
			buildConfigurations = (
				AB0A79C818452BA400ABBBB8 /* Debug */,
				AB0A79C918452BA400ABBBB8 /* Release */,
			);
			defaultConfigurationIsVisible = 0;
			defaultConfigurationName = Release;
		};
		AB0A79CA18452BA400ABBBB8 /* Build configuration list for PBXNativeTarget "GCMCocoaExtensions" */ = {
			isa = XCConfigurationList;
			buildConfigurations = (
				AB0A79CB18452BA400ABBBB8 /* Debug */,
				AB0A79CC18452BA400ABBBB8 /* Release */,
			);
			defaultConfigurationIsVisible = 0;
			defaultConfigurationName = Release;
		};
		AB0A79CD18452BA400ABBBB8 /* Build configuration list for PBXNativeTarget "GCMCocoaExtensionsTests" */ = {
			isa = XCConfigurationList;
			buildConfigurations = (
				AB0A79CE18452BA400ABBBB8 /* Debug */,
				AB0A79CF18452BA400ABBBB8 /* Release */,
			);
			defaultConfigurationIsVisible = 0;
			defaultConfigurationName = Release;
		};
		AB0A79E8184533A300ABBBB8 /* Build configuration list for PBXNativeTarget "GCMCocoaExtensionsSenTests" */ = {
			isa = XCConfigurationList;
			buildConfigurations = (
				AB0A79E9184533A300ABBBB8 /* Debug */,
				AB0A79EA184533A300ABBBB8 /* Release */,
			);
			defaultConfigurationIsVisible = 0;
			defaultConfigurationName = Release;
		};
/* End XCConfigurationList section */
	};
	rootObject = AB0A799F18452BA400ABBBB8 /* Project object */;
}
