<?xml version="1.0" encoding="UTF-8"?>
<!DOCTYPE plist PUBLIC "-//Apple//DTD PLIST 1.0//EN" "http://www.apple.com/DTDs/PropertyList-1.0.dtd">
<plist version="1.0">
<dict>
	<key>archiveVersion</key>
	<string>1</string>
	<key>classes</key>
	<dict/>
	<key>objectVersion</key>
	<string>46</string>
	<key>objects</key>
	<dict>
		<key>0DE4E80FB34140D4B7AAD3D3</key>
		<dict>
			<key>explicitFileType</key>
			<string>archive.ar</string>
			<key>includeInIndex</key>
			<string>0</string>
			<key>isa</key>
			<string>PBXFileReference</string>
			<key>path</key>
			<string>libPods-GCMCocoaExtensionsSenTests.a</string>
			<key>sourceTree</key>
			<string>BUILT_PRODUCTS_DIR</string>
		</dict>
		<key>2DC0069F10D2529774AEA80D</key>
		<dict>
			<key>includeInIndex</key>
			<string>1</string>
			<key>isa</key>
			<string>PBXFileReference</string>
			<key>lastKnownFileType</key>
			<string>text.xcconfig</string>
			<key>name</key>
			<string>Pods-GCMCocoaExtensionsSenTests.release.xcconfig</string>
			<key>path</key>
			<string>../Pods/Target Support Files/Pods-GCMCocoaExtensionsSenTests/Pods-GCMCocoaExtensionsSenTests.release.xcconfig</string>
			<key>sourceTree</key>
			<string>&lt;group&gt;</string>
		</dict>
		<key>33EC360C3A432A1C73799FAF</key>
		<dict>
			<key>includeInIndex</key>
			<string>1</string>
			<key>isa</key>
			<string>PBXFileReference</string>
			<key>lastKnownFileType</key>
			<string>text.xcconfig</string>
			<key>name</key>
			<string>Pods-GCMCocoaExtensionsSenTests.debug.xcconfig</string>
			<key>path</key>
			<string>../Pods/Target Support Files/Pods-GCMCocoaExtensionsSenTests/Pods-GCMCocoaExtensionsSenTests.debug.xcconfig</string>
			<key>sourceTree</key>
			<string>&lt;group&gt;</string>
		</dict>
		<key>53EF79112E014DC882D2B699</key>
		<dict>
			<key>buildActionMask</key>
			<string>2147483647</string>
			<key>files</key>
			<array/>
			<key>inputPaths</key>
			<array/>
			<key>isa</key>
			<string>PBXShellScriptBuildPhase</string>
			<key>name</key>
			<string>Copy Pods Resources</string>
			<key>outputPaths</key>
			<array/>
			<key>runOnlyForDeploymentPostprocessing</key>
			<string>0</string>
			<key>shellPath</key>
			<string>/bin/sh</string>
			<key>shellScript</key>
			<string>"${SRCROOT}/../Pods/Target Support Files/Pods-GCMCocoaExtensionsSenTests/Pods-GCMCocoaExtensionsSenTests-resources.sh"
</string>
			<key>showEnvVarsInLog</key>
			<string>0</string>
		</dict>
		<key>63159A05C75144CFB504228A</key>
		<dict>
			<key>buildActionMask</key>
			<string>2147483647</string>
			<key>files</key>
			<array/>
			<key>inputPaths</key>
			<array/>
			<key>isa</key>
			<string>PBXShellScriptBuildPhase</string>
			<key>name</key>
			<string>Check Pods Manifest.lock</string>
			<key>outputPaths</key>
			<array/>
			<key>runOnlyForDeploymentPostprocessing</key>
			<string>0</string>
			<key>shellPath</key>
			<string>/bin/sh</string>
			<key>shellScript</key>
			<string>diff "${PODS_ROOT}/../Podfile.lock" "${PODS_ROOT}/Manifest.lock" &gt; /dev/null
if [[ $? != 0 ]] ; then
    cat &lt;&lt; EOM
error: The sandbox is not in sync with the Podfile.lock. Run 'pod install' or update your CocoaPods installation.
EOM
    exit 1
fi
</string>
			<key>showEnvVarsInLog</key>
			<string>0</string>
		</dict>
		<key>84F0EE6C57AE45BFA8C1A285</key>
		<dict>
			<key>buildActionMask</key>
			<string>2147483647</string>
			<key>files</key>
			<array/>
			<key>inputPaths</key>
			<array/>
			<key>isa</key>
			<string>PBXShellScriptBuildPhase</string>
			<key>name</key>
			<string>Check Pods Manifest.lock</string>
			<key>outputPaths</key>
			<array/>
			<key>runOnlyForDeploymentPostprocessing</key>
			<string>0</string>
			<key>shellPath</key>
			<string>/bin/sh</string>
			<key>shellScript</key>
			<string>diff "${PODS_ROOT}/../Podfile.lock" "${PODS_ROOT}/Manifest.lock" &gt; /dev/null
if [[ $? != 0 ]] ; then
    cat &lt;&lt; EOM
error: The sandbox is not in sync with the Podfile.lock. Run 'pod install' or update your CocoaPods installation.
EOM
    exit 1
fi
</string>
			<key>showEnvVarsInLog</key>
			<string>0</string>
		</dict>
		<key>88C973F820EA4AF4928F2F9D</key>
		<dict>
			<key>explicitFileType</key>
			<string>archive.ar</string>
			<key>includeInIndex</key>
			<string>0</string>
			<key>isa</key>
			<string>PBXFileReference</string>
			<key>path</key>
			<string>libPods-GCMCocoaExtensionsTests.a</string>
			<key>sourceTree</key>
			<string>BUILT_PRODUCTS_DIR</string>
		</dict>
		<key>A66C06DFEDC54164A23B1C77</key>
		<dict>
			<key>fileRef</key>
			<string>0DE4E80FB34140D4B7AAD3D3</string>
			<key>isa</key>
			<string>PBXBuildFile</string>
		</dict>
		<key>AB0A799E18452BA400ABBBB8</key>
		<dict>
			<key>children</key>
			<array>
				<string>AB0A79AC18452BA400ABBBB8</string>
				<string>AB0A79C018452BA400ABBBB8</string>
				<string>AB0A79DF184533A300ABBBB8</string>
				<string>AB0A79A918452BA400ABBBB8</string>
				<string>AB0A79A818452BA400ABBBB8</string>
				<string>EC86B96AF8FDD64AE4325511</string>
			</array>
			<key>indentWidth</key>
			<string>2</string>
			<key>isa</key>
			<string>PBXGroup</string>
			<key>sourceTree</key>
			<string>&lt;group&gt;</string>
			<key>tabWidth</key>
			<string>2</string>
		</dict>
		<key>AB0A799F18452BA400ABBBB8</key>
		<dict>
			<key>attributes</key>
			<dict>
				<key>LastUpgradeCheck</key>
				<string>0500</string>
				<key>ORGANIZATIONNAME</key>
				<string>GameChanger</string>
				<key>TargetAttributes</key>
				<dict>
					<key>AB0A79B618452BA400ABBBB8</key>
					<dict>
						<key>TestTargetID</key>
						<string>AB0A79A618452BA400ABBBB8</string>
					</dict>
				</dict>
			</dict>
			<key>buildConfigurationList</key>
			<string>AB0A79A218452BA400ABBBB8</string>
			<key>compatibilityVersion</key>
			<string>Xcode 3.2</string>
			<key>developmentRegion</key>
			<string>English</string>
			<key>hasScannedForEncodings</key>
			<string>0</string>
			<key>isa</key>
			<string>PBXProject</string>
			<key>knownRegions</key>
			<array>
				<string>en</string>
			</array>
			<key>mainGroup</key>
			<string>AB0A799E18452BA400ABBBB8</string>
			<key>productRefGroup</key>
			<string>AB0A79A818452BA400ABBBB8</string>
			<key>projectDirPath</key>
			<string></string>
			<key>projectReferences</key>
			<array/>
			<key>projectRoot</key>
			<string></string>
			<key>targets</key>
			<array>
				<string>AB0A79A618452BA400ABBBB8</string>
				<string>AB0A79B618452BA400ABBBB8</string>
				<string>AB0A79DA184533A300ABBBB8</string>
			</array>
		</dict>
		<key>AB0A79A218452BA400ABBBB8</key>
		<dict>
			<key>buildConfigurations</key>
			<array>
				<string>AB0A79C818452BA400ABBBB8</string>
				<string>AB0A79C918452BA400ABBBB8</string>
			</array>
			<key>defaultConfigurationIsVisible</key>
			<string>0</string>
			<key>defaultConfigurationName</key>
			<string>Release</string>
			<key>isa</key>
			<string>XCConfigurationList</string>
		</dict>
		<key>AB0A79A318452BA400ABBBB8</key>
		<dict>
			<key>buildActionMask</key>
			<string>2147483647</string>
			<key>files</key>
			<array>
				<string>AB0A79D31845317200ABBBB8</string>
				<string>AB0A7A0F1845636600ABBBB8</string>
				<string>AB0A7A2518466E2500ABBBB8</string>
			</array>
			<key>isa</key>
			<string>PBXSourcesBuildPhase</string>
			<key>runOnlyForDeploymentPostprocessing</key>
			<string>0</string>
		</dict>
		<key>AB0A79A418452BA400ABBBB8</key>
		<dict>
			<key>buildActionMask</key>
			<string>2147483647</string>
			<key>files</key>
			<array>
				<string>AB0A79AB18452BA400ABBBB8</string>
			</array>
			<key>isa</key>
			<string>PBXFrameworksBuildPhase</string>
			<key>runOnlyForDeploymentPostprocessing</key>
			<string>0</string>
		</dict>
		<key>AB0A79A518452BA400ABBBB8</key>
		<dict>
			<key>buildActionMask</key>
			<string>2147483647</string>
			<key>dstPath</key>
			<string>include/$(PRODUCT_NAME)</string>
			<key>dstSubfolderSpec</key>
			<string>16</string>
			<key>files</key>
			<array>
				<string>AB0A79ED1845393C00ABBBB8</string>
			</array>
			<key>isa</key>
			<string>PBXCopyFilesBuildPhase</string>
			<key>runOnlyForDeploymentPostprocessing</key>
			<string>0</string>
		</dict>
		<key>AB0A79A618452BA400ABBBB8</key>
		<dict>
			<key>buildConfigurationList</key>
			<string>AB0A79CA18452BA400ABBBB8</string>
			<key>buildPhases</key>
			<array>
				<string>AB0A79A318452BA400ABBBB8</string>
				<string>AB0A79A418452BA400ABBBB8</string>
				<string>AB0A79A518452BA400ABBBB8</string>
			</array>
			<key>buildRules</key>
			<array/>
			<key>dependencies</key>
			<array/>
			<key>isa</key>
			<string>PBXNativeTarget</string>
			<key>name</key>
			<string>GCMCocoaExtensions</string>
			<key>productName</key>
			<string>GCMCocoaExtensions</string>
			<key>productReference</key>
			<string>AB0A79A718452BA400ABBBB8</string>
			<key>productType</key>
			<string>com.apple.product-type.library.static</string>
		</dict>
		<key>AB0A79A718452BA400ABBBB8</key>
		<dict>
			<key>explicitFileType</key>
			<string>archive.ar</string>
			<key>includeInIndex</key>
			<string>0</string>
			<key>isa</key>
			<string>PBXFileReference</string>
			<key>path</key>
			<string>libGCMCocoaExtensions.a</string>
			<key>sourceTree</key>
			<string>BUILT_PRODUCTS_DIR</string>
		</dict>
		<key>AB0A79A818452BA400ABBBB8</key>
		<dict>
			<key>children</key>
			<array>
				<string>AB0A79A718452BA400ABBBB8</string>
				<string>AB0A79B718452BA400ABBBB8</string>
				<string>AB0A79DB184533A300ABBBB8</string>
			</array>
			<key>isa</key>
			<string>PBXGroup</string>
			<key>name</key>
			<string>Products</string>
			<key>sourceTree</key>
			<string>&lt;group&gt;</string>
		</dict>
		<key>AB0A79A918452BA400ABBBB8</key>
		<dict>
			<key>children</key>
			<array>
				<string>AB0A79D5184532E800ABBBB8</string>
				<string>AB0A79AA18452BA400ABBBB8</string>
				<string>AB0A79B818452BA400ABBBB8</string>
				<string>AB0A79BB18452BA400ABBBB8</string>
				<string>88C973F820EA4AF4928F2F9D</string>
				<string>0DE4E80FB34140D4B7AAD3D3</string>
			</array>
			<key>isa</key>
			<string>PBXGroup</string>
			<key>name</key>
			<string>Frameworks</string>
			<key>sourceTree</key>
			<string>&lt;group&gt;</string>
		</dict>
		<key>AB0A79AA18452BA400ABBBB8</key>
		<dict>
			<key>isa</key>
			<string>PBXFileReference</string>
			<key>lastKnownFileType</key>
			<string>wrapper.framework</string>
			<key>name</key>
			<string>Foundation.framework</string>
			<key>path</key>
			<string>System/Library/Frameworks/Foundation.framework</string>
			<key>sourceTree</key>
			<string>SDKROOT</string>
		</dict>
		<key>AB0A79AB18452BA400ABBBB8</key>
		<dict>
			<key>fileRef</key>
			<string>AB0A79AA18452BA400ABBBB8</string>
			<key>isa</key>
			<string>PBXBuildFile</string>
		</dict>
		<key>AB0A79AC18452BA400ABBBB8</key>
		<dict>
			<key>children</key>
			<array>
				<string>AB0A79D41845318200ABBBB8</string>
				<string>AB0A79D21845317200ABBBB8</string>
				<string>AB0A7A2318466E2500ABBBB8</string>
				<string>AB0A7A2418466E2500ABBBB8</string>
				<string>AB0A7A0D1845636600ABBBB8</string>
				<string>AB0A7A0E1845636600ABBBB8</string>
				<string>AB0A79AD18452BA400ABBBB8</string>
			</array>
			<key>isa</key>
			<string>PBXGroup</string>
			<key>path</key>
			<string>GCMCocoaExtensions</string>
			<key>sourceTree</key>
			<string>&lt;group&gt;</string>
		</dict>
		<key>AB0A79AD18452BA400ABBBB8</key>
		<dict>
			<key>children</key>
			<array>
				<string>AB0A79AE18452BA400ABBBB8</string>
			</array>
			<key>isa</key>
			<string>PBXGroup</string>
			<key>name</key>
			<string>Supporting Files</string>
			<key>sourceTree</key>
			<string>&lt;group&gt;</string>
		</dict>
		<key>AB0A79AE18452BA400ABBBB8</key>
		<dict>
			<key>isa</key>
			<string>PBXFileReference</string>
			<key>lastKnownFileType</key>
			<string>sourcecode.c.h</string>
			<key>path</key>
			<string>GCMCocoaExtensions-Prefix.pch</string>
			<key>sourceTree</key>
			<string>&lt;group&gt;</string>
		</dict>
		<key>AB0A79B318452BA400ABBBB8</key>
		<dict>
			<key>buildActionMask</key>
			<string>2147483647</string>
			<key>files</key>
			<array/>
			<key>isa</key>
			<string>PBXSourcesBuildPhase</string>
			<key>runOnlyForDeploymentPostprocessing</key>
			<string>0</string>
		</dict>
		<key>AB0A79B418452BA400ABBBB8</key>
		<dict>
			<key>buildActionMask</key>
			<string>2147483647</string>
			<key>files</key>
			<array>
				<string>AB0A79D6184532E800ABBBB8</string>
				<string>AB0A79B918452BA400ABBBB8</string>
				<string>AB0A79BF18452BA400ABBBB8</string>
				<string>AB0A79BC18452BA400ABBBB8</string>
				<string>AB0A79BA18452BA400ABBBB8</string>
				<string>EF8E1C44AF244FF48B227AE8</string>
			</array>
			<key>isa</key>
			<string>PBXFrameworksBuildPhase</string>
			<key>runOnlyForDeploymentPostprocessing</key>
			<string>0</string>
		</dict>
		<key>AB0A79B518452BA400ABBBB8</key>
		<dict>
			<key>buildActionMask</key>
			<string>2147483647</string>
			<key>files</key>
			<array>
				<string>AB0A79C518452BA400ABBBB8</string>
			</array>
			<key>isa</key>
			<string>PBXResourcesBuildPhase</string>
			<key>runOnlyForDeploymentPostprocessing</key>
			<string>0</string>
		</dict>
		<key>AB0A79B618452BA400ABBBB8</key>
		<dict>
			<key>buildConfigurationList</key>
			<string>AB0A79CD18452BA400ABBBB8</string>
			<key>buildPhases</key>
			<array>
				<string>84F0EE6C57AE45BFA8C1A285</string>
				<string>AB0A79B318452BA400ABBBB8</string>
				<string>AB0A79B418452BA400ABBBB8</string>
				<string>AB0A79B518452BA400ABBBB8</string>
				<string>B35731719AA741F48E5E8FC6</string>
			</array>
			<key>buildRules</key>
			<array/>
			<key>dependencies</key>
			<array>
				<string>AB0A79BE18452BA400ABBBB8</string>
			</array>
			<key>isa</key>
			<string>PBXNativeTarget</string>
			<key>name</key>
			<string>GCMCocoaExtensionsTests</string>
			<key>productName</key>
			<string>GCMCocoaExtensionsTests</string>
			<key>productReference</key>
			<string>AB0A79B718452BA400ABBBB8</string>
			<key>productType</key>
			<string>com.apple.product-type.bundle.unit-test</string>
		</dict>
		<key>AB0A79B718452BA400ABBBB8</key>
		<dict>
			<key>explicitFileType</key>
			<string>wrapper.cfbundle</string>
			<key>includeInIndex</key>
			<string>0</string>
			<key>isa</key>
			<string>PBXFileReference</string>
			<key>path</key>
			<string>GCMCocoaExtensionsTests.xctest</string>
			<key>sourceTree</key>
			<string>BUILT_PRODUCTS_DIR</string>
		</dict>
		<key>AB0A79B818452BA400ABBBB8</key>
		<dict>
			<key>isa</key>
			<string>PBXFileReference</string>
			<key>lastKnownFileType</key>
			<string>wrapper.framework</string>
			<key>name</key>
			<string>XCTest.framework</string>
			<key>path</key>
			<string>Library/Frameworks/XCTest.framework</string>
			<key>sourceTree</key>
			<string>DEVELOPER_DIR</string>
		</dict>
		<key>AB0A79B918452BA400ABBBB8</key>
		<dict>
			<key>fileRef</key>
			<string>AB0A79B818452BA400ABBBB8</string>
			<key>isa</key>
			<string>PBXBuildFile</string>
		</dict>
		<key>AB0A79BA18452BA400ABBBB8</key>
		<dict>
			<key>fileRef</key>
			<string>AB0A79AA18452BA400ABBBB8</string>
			<key>isa</key>
			<string>PBXBuildFile</string>
		</dict>
		<key>AB0A79BB18452BA400ABBBB8</key>
		<dict>
			<key>isa</key>
			<string>PBXFileReference</string>
			<key>lastKnownFileType</key>
			<string>wrapper.framework</string>
			<key>name</key>
			<string>UIKit.framework</string>
			<key>path</key>
			<string>Library/Frameworks/UIKit.framework</string>
			<key>sourceTree</key>
			<string>DEVELOPER_DIR</string>
		</dict>
		<key>AB0A79BC18452BA400ABBBB8</key>
		<dict>
			<key>fileRef</key>
			<string>AB0A79BB18452BA400ABBBB8</string>
			<key>isa</key>
			<string>PBXBuildFile</string>
		</dict>
		<key>AB0A79BD18452BA400ABBBB8</key>
		<dict>
			<key>containerPortal</key>
			<string>AB0A799F18452BA400ABBBB8</string>
			<key>isa</key>
			<string>PBXContainerItemProxy</string>
			<key>proxyType</key>
			<string>1</string>
			<key>remoteGlobalIDString</key>
			<string>AB0A79A618452BA400ABBBB8</string>
			<key>remoteInfo</key>
			<string>GCMCocoaExtensions</string>
		</dict>
		<key>AB0A79BE18452BA400ABBBB8</key>
		<dict>
			<key>isa</key>
			<string>PBXTargetDependency</string>
			<key>target</key>
			<string>AB0A79A618452BA400ABBBB8</string>
			<key>targetProxy</key>
			<string>AB0A79BD18452BA400ABBBB8</string>
		</dict>
		<key>AB0A79BF18452BA400ABBBB8</key>
		<dict>
			<key>fileRef</key>
			<string>AB0A79A718452BA400ABBBB8</string>
			<key>isa</key>
			<string>PBXBuildFile</string>
		</dict>
		<key>AB0A79C018452BA400ABBBB8</key>
		<dict>
			<key>children</key>
			<array>
				<string>AB0A79C118452BA400ABBBB8</string>
			</array>
			<key>isa</key>
			<string>PBXGroup</string>
			<key>path</key>
			<string>GCMCocoaExtensionsTests</string>
			<key>sourceTree</key>
			<string>&lt;group&gt;</string>
		</dict>
		<key>AB0A79C118452BA400ABBBB8</key>
		<dict>
			<key>children</key>
			<array>
				<string>AB0A79C218452BA400ABBBB8</string>
				<string>AB0A79C318452BA400ABBBB8</string>
			</array>
			<key>isa</key>
			<string>PBXGroup</string>
			<key>name</key>
			<string>Supporting Files</string>
			<key>sourceTree</key>
			<string>&lt;group&gt;</string>
		</dict>
		<key>AB0A79C218452BA400ABBBB8</key>
		<dict>
			<key>isa</key>
			<string>PBXFileReference</string>
			<key>lastKnownFileType</key>
			<string>text.plist.xml</string>
			<key>path</key>
			<string>GCMCocoaExtensionsTests-Info.plist</string>
			<key>sourceTree</key>
			<string>&lt;group&gt;</string>
		</dict>
		<key>AB0A79C318452BA400ABBBB8</key>
		<dict>
			<key>children</key>
			<array>
				<string>AB0A79C418452BA400ABBBB8</string>
			</array>
			<key>isa</key>
			<string>PBXVariantGroup</string>
			<key>name</key>
			<string>InfoPlist.strings</string>
			<key>sourceTree</key>
			<string>&lt;group&gt;</string>
		</dict>
		<key>AB0A79C418452BA400ABBBB8</key>
		<dict>
			<key>isa</key>
			<string>PBXFileReference</string>
			<key>lastKnownFileType</key>
			<string>text.plist.strings</string>
			<key>name</key>
			<string>en</string>
			<key>path</key>
			<string>en.lproj/InfoPlist.strings</string>
			<key>sourceTree</key>
			<string>&lt;group&gt;</string>
		</dict>
		<key>AB0A79C518452BA400ABBBB8</key>
		<dict>
			<key>fileRef</key>
			<string>AB0A79C318452BA400ABBBB8</string>
			<key>isa</key>
			<string>PBXBuildFile</string>
		</dict>
		<key>AB0A79C818452BA400ABBBB8</key>
		<dict>
			<key>buildSettings</key>
			<dict>
				<key>ALWAYS_SEARCH_USER_PATHS</key>
				<string>NO</string>
				<key>ARCHS</key>
				<string>$(ARCHS_STANDARD_INCLUDING_64_BIT)</string>
				<key>CLANG_CXX_LANGUAGE_STANDARD</key>
				<string>gnu++0x</string>
				<key>CLANG_CXX_LIBRARY</key>
				<string>libc++</string>
				<key>CLANG_ENABLE_MODULES</key>
				<string>YES</string>
				<key>CLANG_ENABLE_OBJC_ARC</key>
				<string>YES</string>
				<key>CLANG_WARN_BOOL_CONVERSION</key>
				<string>YES</string>
				<key>CLANG_WARN_CONSTANT_CONVERSION</key>
				<string>YES</string>
				<key>CLANG_WARN_DIRECT_OBJC_ISA_USAGE</key>
				<string>YES_ERROR</string>
				<key>CLANG_WARN_EMPTY_BODY</key>
				<string>YES</string>
				<key>CLANG_WARN_ENUM_CONVERSION</key>
				<string>YES</string>
				<key>CLANG_WARN_INT_CONVERSION</key>
				<string>YES</string>
				<key>CLANG_WARN_OBJC_ROOT_CLASS</key>
				<string>YES_ERROR</string>
				<key>CLANG_WARN__DUPLICATE_METHOD_MATCH</key>
				<string>YES</string>
				<key>COPY_PHASE_STRIP</key>
				<string>NO</string>
				<key>GCC_C_LANGUAGE_STANDARD</key>
				<string>gnu99</string>
				<key>GCC_DYNAMIC_NO_PIC</key>
				<string>NO</string>
				<key>GCC_OPTIMIZATION_LEVEL</key>
				<string>0</string>
				<key>GCC_PREPROCESSOR_DEFINITIONS</key>
				<array>
					<string>DEBUG=1</string>
					<string>$(inherited)</string>
				</array>
				<key>GCC_SYMBOLS_PRIVATE_EXTERN</key>
				<string>NO</string>
				<key>GCC_WARN_64_TO_32_BIT_CONVERSION</key>
				<string>YES</string>
				<key>GCC_WARN_ABOUT_RETURN_TYPE</key>
				<string>YES_ERROR</string>
				<key>GCC_WARN_UNDECLARED_SELECTOR</key>
				<string>YES</string>
				<key>GCC_WARN_UNINITIALIZED_AUTOS</key>
				<string>YES</string>
				<key>GCC_WARN_UNUSED_FUNCTION</key>
				<string>YES</string>
				<key>GCC_WARN_UNUSED_VARIABLE</key>
				<string>YES</string>
				<key>GENERATE_MASTER_OBJECT_FILE</key>
				<string>YES</string>
				<key>IPHONEOS_DEPLOYMENT_TARGET</key>
				<string>6.0</string>
				<key>ONLY_ACTIVE_ARCH</key>
				<string>YES</string>
				<key>SDKROOT</key>
				<string>iphoneos</string>
			</dict>
			<key>isa</key>
			<string>XCBuildConfiguration</string>
			<key>name</key>
			<string>Debug</string>
		</dict>
		<key>AB0A79C918452BA400ABBBB8</key>
		<dict>
			<key>buildSettings</key>
			<dict>
				<key>ALWAYS_SEARCH_USER_PATHS</key>
				<string>NO</string>
				<key>ARCHS</key>
				<string>$(ARCHS_STANDARD_INCLUDING_64_BIT)</string>
				<key>CLANG_CXX_LANGUAGE_STANDARD</key>
				<string>gnu++0x</string>
				<key>CLANG_CXX_LIBRARY</key>
				<string>libc++</string>
				<key>CLANG_ENABLE_MODULES</key>
				<string>YES</string>
				<key>CLANG_ENABLE_OBJC_ARC</key>
				<string>YES</string>
				<key>CLANG_WARN_BOOL_CONVERSION</key>
				<string>YES</string>
				<key>CLANG_WARN_CONSTANT_CONVERSION</key>
				<string>YES</string>
				<key>CLANG_WARN_DIRECT_OBJC_ISA_USAGE</key>
				<string>YES_ERROR</string>
				<key>CLANG_WARN_EMPTY_BODY</key>
				<string>YES</string>
				<key>CLANG_WARN_ENUM_CONVERSION</key>
				<string>YES</string>
				<key>CLANG_WARN_INT_CONVERSION</key>
				<string>YES</string>
				<key>CLANG_WARN_OBJC_ROOT_CLASS</key>
				<string>YES_ERROR</string>
				<key>CLANG_WARN__DUPLICATE_METHOD_MATCH</key>
				<string>YES</string>
				<key>COPY_PHASE_STRIP</key>
				<string>YES</string>
				<key>ENABLE_NS_ASSERTIONS</key>
				<string>NO</string>
				<key>GCC_C_LANGUAGE_STANDARD</key>
				<string>gnu99</string>
				<key>GCC_WARN_64_TO_32_BIT_CONVERSION</key>
				<string>YES</string>
				<key>GCC_WARN_ABOUT_RETURN_TYPE</key>
				<string>YES_ERROR</string>
				<key>GCC_WARN_UNDECLARED_SELECTOR</key>
				<string>YES</string>
				<key>GCC_WARN_UNINITIALIZED_AUTOS</key>
				<string>YES</string>
				<key>GCC_WARN_UNUSED_FUNCTION</key>
				<string>YES</string>
				<key>GCC_WARN_UNUSED_VARIABLE</key>
				<string>YES</string>
				<key>GENERATE_MASTER_OBJECT_FILE</key>
				<string>YES</string>
				<key>IPHONEOS_DEPLOYMENT_TARGET</key>
				<string>6.0</string>
				<key>SDKROOT</key>
				<string>iphoneos</string>
				<key>VALIDATE_PRODUCT</key>
				<string>YES</string>
			</dict>
			<key>isa</key>
			<string>XCBuildConfiguration</string>
			<key>name</key>
			<string>Release</string>
		</dict>
		<key>AB0A79CA18452BA400ABBBB8</key>
		<dict>
			<key>buildConfigurations</key>
			<array>
				<string>AB0A79CB18452BA400ABBBB8</string>
				<string>AB0A79CC18452BA400ABBBB8</string>
			</array>
			<key>defaultConfigurationIsVisible</key>
			<string>0</string>
			<key>defaultConfigurationName</key>
			<string>Release</string>
			<key>isa</key>
			<string>XCConfigurationList</string>
		</dict>
		<key>AB0A79CB18452BA400ABBBB8</key>
		<dict>
			<key>buildSettings</key>
			<dict>
				<key>DSTROOT</key>
				<string>/tmp/GCMCocoaExtensions.dst</string>
				<key>GCC_PRECOMPILE_PREFIX_HEADER</key>
				<string>YES</string>
				<key>GCC_PREFIX_HEADER</key>
				<string>GCMCocoaExtensions/GCMCocoaExtensions-Prefix.pch</string>
				<key>OTHER_LDFLAGS</key>
				<string>-ObjC</string>
				<key>PRODUCT_NAME</key>
				<string>$(TARGET_NAME)</string>
				<key>SKIP_INSTALL</key>
				<string>YES</string>
			</dict>
			<key>isa</key>
			<string>XCBuildConfiguration</string>
			<key>name</key>
			<string>Debug</string>
		</dict>
		<key>AB0A79CC18452BA400ABBBB8</key>
		<dict>
			<key>buildSettings</key>
			<dict>
				<key>DSTROOT</key>
				<string>/tmp/GCMCocoaExtensions.dst</string>
				<key>GCC_PRECOMPILE_PREFIX_HEADER</key>
				<string>YES</string>
				<key>GCC_PREFIX_HEADER</key>
				<string>GCMCocoaExtensions/GCMCocoaExtensions-Prefix.pch</string>
				<key>OTHER_LDFLAGS</key>
				<string>-ObjC</string>
				<key>PRODUCT_NAME</key>
				<string>$(TARGET_NAME)</string>
				<key>SKIP_INSTALL</key>
				<string>YES</string>
			</dict>
			<key>isa</key>
			<string>XCBuildConfiguration</string>
			<key>name</key>
			<string>Release</string>
		</dict>
		<key>AB0A79CD18452BA400ABBBB8</key>
		<dict>
			<key>buildConfigurations</key>
			<array>
				<string>AB0A79CE18452BA400ABBBB8</string>
				<string>AB0A79CF18452BA400ABBBB8</string>
			</array>
			<key>defaultConfigurationIsVisible</key>
			<string>0</string>
			<key>defaultConfigurationName</key>
			<string>Release</string>
			<key>isa</key>
			<string>XCConfigurationList</string>
		</dict>
		<key>AB0A79CE18452BA400ABBBB8</key>
		<dict>
			<key>buildSettings</key>
			<dict>
				<key>ARCHS</key>
				<string>$(ARCHS_STANDARD_INCLUDING_64_BIT)</string>
				<key>FRAMEWORK_SEARCH_PATHS</key>
				<array>
					<string>$(SDKROOT)/Developer/Library/Frameworks</string>
					<string>$(inherited)</string>
					<string>$(DEVELOPER_FRAMEWORKS_DIR)</string>
				</array>
				<key>GCC_PRECOMPILE_PREFIX_HEADER</key>
				<string>YES</string>
				<key>GCC_PREFIX_HEADER</key>
				<string>GCMCocoaExtensions/GCMCocoaExtensions-Prefix.pch</string>
				<key>GCC_PREPROCESSOR_DEFINITIONS</key>
				<array>
					<string>DEBUG=1</string>
					<string>$(inherited)</string>
				</array>
				<key>INFOPLIST_FILE</key>
				<string>GCMCocoaExtensionsTests/GCMCocoaExtensionsTests-Info.plist</string>
				<key>PRODUCT_NAME</key>
				<string>$(TARGET_NAME)</string>
				<key>WRAPPER_EXTENSION</key>
				<string>xctest</string>
			</dict>
			<key>isa</key>
			<string>XCBuildConfiguration</string>
			<key>name</key>
			<string>Debug</string>
		</dict>
		<key>AB0A79CF18452BA400ABBBB8</key>
		<dict>
			<key>buildSettings</key>
			<dict>
				<key>ARCHS</key>
				<string>$(ARCHS_STANDARD_INCLUDING_64_BIT)</string>
				<key>FRAMEWORK_SEARCH_PATHS</key>
				<array>
					<string>$(SDKROOT)/Developer/Library/Frameworks</string>
					<string>$(inherited)</string>
					<string>$(DEVELOPER_FRAMEWORKS_DIR)</string>
				</array>
				<key>GCC_PRECOMPILE_PREFIX_HEADER</key>
				<string>YES</string>
				<key>GCC_PREFIX_HEADER</key>
				<string>GCMCocoaExtensions/GCMCocoaExtensions-Prefix.pch</string>
				<key>INFOPLIST_FILE</key>
				<string>GCMCocoaExtensionsTests/GCMCocoaExtensionsTests-Info.plist</string>
				<key>PRODUCT_NAME</key>
				<string>$(TARGET_NAME)</string>
				<key>WRAPPER_EXTENSION</key>
				<string>xctest</string>
			</dict>
			<key>isa</key>
			<string>XCBuildConfiguration</string>
			<key>name</key>
			<string>Release</string>
		</dict>
		<key>AB0A79D01845316200ABBBB8</key>
		<dict>
			<key>fileEncoding</key>
			<string>4</string>
			<key>isa</key>
			<string>PBXFileReference</string>
			<key>lastKnownFileType</key>
			<string>sourcecode.c.objc</string>
			<key>path</key>
			<string>NSStringGameChangerTests.m</string>
			<key>sourceTree</key>
			<string>&lt;group&gt;</string>
		</dict>
		<key>AB0A79D21845317200ABBBB8</key>
		<dict>
			<key>fileEncoding</key>
			<string>4</string>
			<key>isa</key>
			<string>PBXFileReference</string>
			<key>lastKnownFileType</key>
			<string>sourcecode.c.objc</string>
			<key>path</key>
			<string>NSString+GameChangerMedia.m</string>
			<key>sourceTree</key>
			<string>&lt;group&gt;</string>
		</dict>
		<key>AB0A79D31845317200ABBBB8</key>
		<dict>
			<key>fileRef</key>
			<string>AB0A79D21845317200ABBBB8</string>
			<key>isa</key>
			<string>PBXBuildFile</string>
		</dict>
		<key>AB0A79D41845318200ABBBB8</key>
		<dict>
			<key>isa</key>
			<string>PBXFileReference</string>
			<key>lastKnownFileType</key>
			<string>sourcecode.c.h</string>
			<key>path</key>
			<string>NSString+GameChangerMedia.h</string>
			<key>sourceTree</key>
			<string>&lt;group&gt;</string>
		</dict>
		<key>AB0A79D5184532E800ABBBB8</key>
		<dict>
			<key>isa</key>
			<string>PBXFileReference</string>
			<key>lastKnownFileType</key>
			<string>wrapper.framework</string>
			<key>name</key>
			<string>SenTestingKit.framework</string>
			<key>path</key>
			<string>Library/Frameworks/SenTestingKit.framework</string>
			<key>sourceTree</key>
			<string>DEVELOPER_DIR</string>
		</dict>
		<key>AB0A79D6184532E800ABBBB8</key>
		<dict>
			<key>fileRef</key>
			<string>AB0A79D5184532E800ABBBB8</string>
			<key>isa</key>
			<string>PBXBuildFile</string>
		</dict>
		<key>AB0A79D7184533A300ABBBB8</key>
		<dict>
			<key>buildActionMask</key>
			<string>2147483647</string>
			<key>files</key>
			<array>
				<string>AB0A79EC1845343A00ABBBB8</string>
			</array>
			<key>isa</key>
			<string>PBXSourcesBuildPhase</string>
			<key>runOnlyForDeploymentPostprocessing</key>
			<string>0</string>
		</dict>
		<key>AB0A79D8184533A300ABBBB8</key>
		<dict>
			<key>buildActionMask</key>
			<string>2147483647</string>
			<key>files</key>
			<array>
				<string>AB0A79F418453FFA00ABBBB8</string>
				<string>AB0A79DC184533A300ABBBB8</string>
				<string>AB0A79DE184533A300ABBBB8</string>
				<string>AB0A79DD184533A300ABBBB8</string>
				<string>A66C06DFEDC54164A23B1C77</string>
			</array>
			<key>isa</key>
			<string>PBXFrameworksBuildPhase</string>
			<key>runOnlyForDeploymentPostprocessing</key>
			<string>0</string>
		</dict>
		<key>AB0A79D9184533A300ABBBB8</key>
		<dict>
			<key>buildActionMask</key>
			<string>2147483647</string>
			<key>files</key>
			<array>
				<string>AB0A79E4184533A300ABBBB8</string>
			</array>
			<key>isa</key>
			<string>PBXResourcesBuildPhase</string>
			<key>runOnlyForDeploymentPostprocessing</key>
			<string>0</string>
		</dict>
		<key>AB0A79DA184533A300ABBBB8</key>
		<dict>
			<key>buildConfigurationList</key>
			<string>AB0A79E8184533A300ABBBB8</string>
			<key>buildPhases</key>
			<array>
				<string>63159A05C75144CFB504228A</string>
				<string>AB0A79D7184533A300ABBBB8</string>
				<string>AB0A79D8184533A300ABBBB8</string>
				<string>AB0A79D9184533A300ABBBB8</string>
				<string>53EF79112E014DC882D2B699</string>
			</array>
			<key>buildRules</key>
			<array/>
			<key>dependencies</key>
			<array>
				<string>AB0A79EF18453E4000ABBBB8</string>
			</array>
			<key>isa</key>
			<string>PBXNativeTarget</string>
			<key>name</key>
			<string>GCMCocoaExtensionsSenTests</string>
			<key>productName</key>
			<string>GCMCocoaExtensionsSenTests</string>
			<key>productReference</key>
			<string>AB0A79DB184533A300ABBBB8</string>
			<key>productType</key>
			<string>com.apple.product-type.bundle</string>
		</dict>
		<key>AB0A79DB184533A300ABBBB8</key>
		<dict>
			<key>explicitFileType</key>
			<string>wrapper.cfbundle</string>
			<key>includeInIndex</key>
			<string>0</string>
			<key>isa</key>
			<string>PBXFileReference</string>
			<key>path</key>
			<string>GCMCocoaExtensionsSenTests.octest</string>
			<key>sourceTree</key>
			<string>BUILT_PRODUCTS_DIR</string>
		</dict>
		<key>AB0A79DC184533A300ABBBB8</key>
		<dict>
			<key>fileRef</key>
			<string>AB0A79D5184532E800ABBBB8</string>
			<key>isa</key>
			<string>PBXBuildFile</string>
		</dict>
		<key>AB0A79DD184533A300ABBBB8</key>
		<dict>
			<key>fileRef</key>
			<string>AB0A79AA18452BA400ABBBB8</string>
			<key>isa</key>
			<string>PBXBuildFile</string>
		</dict>
		<key>AB0A79DE184533A300ABBBB8</key>
		<dict>
			<key>fileRef</key>
			<string>AB0A79BB18452BA400ABBBB8</string>
			<key>isa</key>
			<string>PBXBuildFile</string>
		</dict>
		<key>AB0A79DF184533A300ABBBB8</key>
		<dict>
			<key>children</key>
			<array>
				<string>AB0A79D01845316200ABBBB8</string>
				<string>AB0A79E0184533A300ABBBB8</string>
			</array>
			<key>isa</key>
			<string>PBXGroup</string>
			<key>path</key>
			<string>GCMCocoaExtensionsSenTests</string>
			<key>sourceTree</key>
			<string>&lt;group&gt;</string>
		</dict>
		<key>AB0A79E0184533A300ABBBB8</key>
		<dict>
			<key>children</key>
			<array>
				<string>AB0A79E1184533A300ABBBB8</string>
				<string>AB0A79E2184533A300ABBBB8</string>
				<string>AB0A79E7184533A300ABBBB8</string>
			</array>
			<key>isa</key>
			<string>PBXGroup</string>
			<key>name</key>
			<string>Supporting Files</string>
			<key>sourceTree</key>
			<string>&lt;group&gt;</string>
		</dict>
		<key>AB0A79E1184533A300ABBBB8</key>
		<dict>
			<key>isa</key>
			<string>PBXFileReference</string>
			<key>lastKnownFileType</key>
			<string>text.plist.xml</string>
			<key>path</key>
			<string>GCMCocoaExtensionsSenTests-Info.plist</string>
			<key>sourceTree</key>
			<string>&lt;group&gt;</string>
		</dict>
		<key>AB0A79E2184533A300ABBBB8</key>
		<dict>
			<key>children</key>
			<array>
				<string>AB0A79E3184533A300ABBBB8</string>
			</array>
			<key>isa</key>
			<string>PBXVariantGroup</string>
			<key>name</key>
			<string>InfoPlist.strings</string>
			<key>sourceTree</key>
			<string>&lt;group&gt;</string>
		</dict>
		<key>AB0A79E3184533A300ABBBB8</key>
		<dict>
			<key>isa</key>
			<string>PBXFileReference</string>
			<key>lastKnownFileType</key>
			<string>text.plist.strings</string>
			<key>name</key>
			<string>en</string>
			<key>path</key>
			<string>en.lproj/InfoPlist.strings</string>
			<key>sourceTree</key>
			<string>&lt;group&gt;</string>
		</dict>
		<key>AB0A79E4184533A300ABBBB8</key>
		<dict>
			<key>fileRef</key>
			<string>AB0A79E2184533A300ABBBB8</string>
			<key>isa</key>
			<string>PBXBuildFile</string>
		</dict>
		<key>AB0A79E7184533A300ABBBB8</key>
		<dict>
			<key>isa</key>
			<string>PBXFileReference</string>
			<key>lastKnownFileType</key>
			<string>sourcecode.c.h</string>
			<key>path</key>
			<string>GCMCocoaExtensionsSenTests-Prefix.pch</string>
			<key>sourceTree</key>
			<string>&lt;group&gt;</string>
		</dict>
		<key>AB0A79E8184533A300ABBBB8</key>
		<dict>
			<key>buildConfigurations</key>
			<array>
				<string>AB0A79E9184533A300ABBBB8</string>
				<string>AB0A79EA184533A300ABBBB8</string>
			</array>
			<key>defaultConfigurationIsVisible</key>
			<string>0</string>
			<key>defaultConfigurationName</key>
			<string>Release</string>
			<key>isa</key>
			<string>XCConfigurationList</string>
		</dict>
		<key>AB0A79E9184533A300ABBBB8</key>
		<dict>
			<key>baseConfigurationReference</key>
			<string>33EC360C3A432A1C73799FAF</string>
			<key>buildSettings</key>
			<dict>
				<key>ARCHS</key>
				<string>$(ARCHS_STANDARD_INCLUDING_64_BIT)</string>
				<key>FRAMEWORK_SEARCH_PATHS</key>
				<array>
					<string>$(SDKROOT)/Developer/Library/Frameworks</string>
					<string>$(inherited)</string>
					<string>$(DEVELOPER_FRAMEWORKS_DIR)</string>
				</array>
				<key>GCC_PRECOMPILE_PREFIX_HEADER</key>
				<string>YES</string>
				<key>GCC_PREFIX_HEADER</key>
				<string>GCMCocoaExtensionsSenTests/GCMCocoaExtensionsSenTests-Prefix.pch</string>
				<key>GCC_PREPROCESSOR_DEFINITIONS</key>
				<array>
					<string>DEBUG=1</string>
					<string>$(inherited)</string>
				</array>
				<key>INFOPLIST_FILE</key>
				<string>GCMCocoaExtensionsSenTests/GCMCocoaExtensionsSenTests-Info.plist</string>
				<key>OTHER_LDFLAGS</key>
				<array>
					<string>-ObjC</string>
					<string>-framework</string>
					<string>SenTestingKit</string>
					<string>-all_load</string>
				</array>
				<key>PRODUCT_NAME</key>
				<string>$(TARGET_NAME)</string>
				<key>WRAPPER_EXTENSION</key>
				<string>octest</string>
			</dict>
			<key>isa</key>
			<string>XCBuildConfiguration</string>
			<key>name</key>
			<string>Debug</string>
		</dict>
		<key>AB0A79EA184533A300ABBBB8</key>
		<dict>
			<key>baseConfigurationReference</key>
			<string>2DC0069F10D2529774AEA80D</string>
			<key>buildSettings</key>
			<dict>
				<key>ARCHS</key>
				<string>$(ARCHS_STANDARD_INCLUDING_64_BIT)</string>
				<key>FRAMEWORK_SEARCH_PATHS</key>
				<array>
					<string>$(SDKROOT)/Developer/Library/Frameworks</string>
					<string>$(inherited)</string>
					<string>$(DEVELOPER_FRAMEWORKS_DIR)</string>
				</array>
				<key>GCC_PRECOMPILE_PREFIX_HEADER</key>
				<string>YES</string>
				<key>GCC_PREFIX_HEADER</key>
				<string>GCMCocoaExtensionsSenTests/GCMCocoaExtensionsSenTests-Prefix.pch</string>
				<key>INFOPLIST_FILE</key>
				<string>GCMCocoaExtensionsSenTests/GCMCocoaExtensionsSenTests-Info.plist</string>
				<key>OTHER_LDFLAGS</key>
				<array>
					<string>-ObjC</string>
					<string>-framework</string>
					<string>SenTestingKit</string>
					<string>-all_load</string>
				</array>
				<key>PRODUCT_NAME</key>
				<string>$(TARGET_NAME)</string>
				<key>WRAPPER_EXTENSION</key>
				<string>octest</string>
			</dict>
			<key>isa</key>
			<string>XCBuildConfiguration</string>
			<key>name</key>
			<string>Release</string>
		</dict>
		<key>AB0A79EC1845343A00ABBBB8</key>
		<dict>
			<key>fileRef</key>
			<string>AB0A79D01845316200ABBBB8</string>
			<key>isa</key>
			<string>PBXBuildFile</string>
		</dict>
		<key>AB0A79ED1845393C00ABBBB8</key>
		<dict>
			<key>fileRef</key>
			<string>AB0A79D41845318200ABBBB8</string>
			<key>isa</key>
			<string>PBXBuildFile</string>
		</dict>
		<key>AB0A79EE18453E4000ABBBB8</key>
		<dict>
			<key>containerPortal</key>
			<string>AB0A799F18452BA400ABBBB8</string>
			<key>isa</key>
			<string>PBXContainerItemProxy</string>
			<key>proxyType</key>
			<string>1</string>
			<key>remoteGlobalIDString</key>
			<string>AB0A79A618452BA400ABBBB8</string>
			<key>remoteInfo</key>
			<string>GCMCocoaExtensions</string>
		</dict>
		<key>AB0A79EF18453E4000ABBBB8</key>
		<dict>
			<key>isa</key>
			<string>PBXTargetDependency</string>
			<key>target</key>
			<string>AB0A79A618452BA400ABBBB8</string>
			<key>targetProxy</key>
			<string>AB0A79EE18453E4000ABBBB8</string>
		</dict>
		<key>AB0A79F418453FFA00ABBBB8</key>
		<dict>
			<key>fileRef</key>
			<string>AB0A79A718452BA400ABBBB8</string>
			<key>isa</key>
			<string>PBXBuildFile</string>
		</dict>
		<key>AB0A7A0D1845636600ABBBB8</key>
		<dict>
			<key>fileEncoding</key>
			<string>4</string>
			<key>isa</key>
			<string>PBXFileReference</string>
			<key>lastKnownFileType</key>
			<string>sourcecode.c.h</string>
			<key>path</key>
			<string>GCMDeviceInfo.h</string>
			<key>sourceTree</key>
			<string>&lt;group&gt;</string>
		</dict>
		<key>AB0A7A0E1845636600ABBBB8</key>
		<dict>
			<key>fileEncoding</key>
			<string>4</string>
			<key>isa</key>
			<string>PBXFileReference</string>
			<key>lastKnownFileType</key>
			<string>sourcecode.c.objc</string>
			<key>path</key>
			<string>GCMDeviceInfo.m</string>
			<key>sourceTree</key>
			<string>&lt;group&gt;</string>
		</dict>
		<key>AB0A7A0F1845636600ABBBB8</key>
		<dict>
			<key>fileRef</key>
			<string>AB0A7A0E1845636600ABBBB8</string>
			<key>isa</key>
			<string>PBXBuildFile</string>
		</dict>
		<key>AB0A7A2318466E2500ABBBB8</key>
		<dict>
			<key>fileEncoding</key>
			<string>4</string>
			<key>isa</key>
			<string>PBXFileReference</string>
			<key>lastKnownFileType</key>
			<string>sourcecode.c.h</string>
			<key>path</key>
			<string>NSAttributedString+GameChangerMedia.h</string>
			<key>sourceTree</key>
			<string>&lt;group&gt;</string>
		</dict>
		<key>AB0A7A2418466E2500ABBBB8</key>
		<dict>
			<key>fileEncoding</key>
			<string>4</string>
			<key>isa</key>
			<string>PBXFileReference</string>
			<key>lastKnownFileType</key>
			<string>sourcecode.c.objc</string>
			<key>path</key>
			<string>NSAttributedString+GameChangerMedia.m</string>
			<key>sourceTree</key>
			<string>&lt;group&gt;</string>
		</dict>
		<key>AB0A7A2518466E2500ABBBB8</key>
		<dict>
			<key>fileRef</key>
			<string>AB0A7A2418466E2500ABBBB8</string>
			<key>isa</key>
			<string>PBXBuildFile</string>
		</dict>
		<key>B35731719AA741F48E5E8FC6</key>
		<dict>
			<key>buildActionMask</key>
			<string>2147483647</string>
			<key>files</key>
			<array/>
			<key>inputPaths</key>
			<array/>
			<key>isa</key>
			<string>PBXShellScriptBuildPhase</string>
			<key>name</key>
			<string>Copy Pods Resources</string>
			<key>outputPaths</key>
			<array/>
			<key>runOnlyForDeploymentPostprocessing</key>
			<string>0</string>
			<key>shellPath</key>
			<string>/bin/sh</string>
			<key>shellScript</key>
			<string>"${SRCROOT}/../Pods/Pods-GCMCocoaExtensionsTests-resources.sh"
</string>
			<key>showEnvVarsInLog</key>
			<string>0</string>
		</dict>
		<key>EC86B96AF8FDD64AE4325511</key>
		<dict>
			<key>children</key>
			<array>
				<string>33EC360C3A432A1C73799FAF</string>
				<string>2DC0069F10D2529774AEA80D</string>
			</array>
			<key>isa</key>
			<string>PBXGroup</string>
			<key>name</key>
			<string>Pods</string>
			<key>sourceTree</key>
			<string>&lt;group&gt;</string>
		</dict>
		<key>EF8E1C44AF244FF48B227AE8</key>
		<dict>
			<key>fileRef</key>
			<string>88C973F820EA4AF4928F2F9D</string>
			<key>isa</key>
			<string>PBXBuildFile</string>
		</dict>
	</dict>
	<key>rootObject</key>
	<string>AB0A799F18452BA400ABBBB8</string>
</dict>
</plist>
